
Microsoft Visual Studio Solution File, Format Version 12.00
# Visual Studio Version 16
VisualStudioVersion = 16.0.30011.22
MinimumVisualStudioVersion = 10.0.40219.1
Project("{FAE04EC0-301F-11D3-BF4B-00C04F79EFBC}") = "HelloWorld", "HelloWorld.csproj", "{434FB773-3CD3-45EB-A390-10357476C79C}"
EndProject
Global
	GlobalSection(SolutionConfigurationPlatforms) = preSolution
		Debug|Any CPU = Debug|Any CPU
		Release|Any CPU = Release|Any CPU
	EndGlobalSection
	GlobalSection(ProjectConfigurationPlatforms) = postSolution
		{434FB773-3CD3-45EB-A390-10357476C79C}.Debug|Any CPU.ActiveCfg = Debug|Any CPU
		{434FB773-3CD3-45EB-A390-10357476C79C}.Debug|Any CPU.Build.0 = Debug|Any CPU
		{434FB773-3CD3-45EB-A390-10357476C79C}.Release|Any CPU.ActiveCfg = Release|Any CPU
		{434FB773-3CD3-45EB-A390-10357476C79C}.Release|Any CPU.Build.0 = Release|Any CPU
	EndGlobalSection
	GlobalSection(SolutionProperties) = preSolution
		HideSolutionNode = FALSE
	EndGlobalSection
	GlobalSection(ExtensibilityGlobals) = postSolution
		SolutionGuid = {86633054-A92F-4B39-B808-0CAFC3E59C8A}
	EndGlobalSection
EndGlobal
